// !$*UTF8*$!
{
	archiveVersion = 1;
	classes = {
	};
	objectVersion = 56;
	objects = {

/* Begin PBXBuildFile section */
		6F4D61532C0E1CDA002D29A3 /* AppDelegate.swift in Sources */ = {isa = PBXBuildFile; fileRef = 6F4D61522C0E1CDA002D29A3 /* AppDelegate.swift */; };
		6F4D61552C0E1CDA002D29A3 /* SceneDelegate.swift in Sources */ = {isa = PBXBuildFile; fileRef = 6F4D61542C0E1CDA002D29A3 /* SceneDelegate.swift */; };
		6F4D615C2C0E1CDC002D29A3 /* Assets.xcassets in Resources */ = {isa = PBXBuildFile; fileRef = 6F4D615B2C0E1CDC002D29A3 /* Assets.xcassets */; };
		6F4D615F2C0E1CDC002D29A3 /* LaunchScreen.storyboard in Resources */ = {isa = PBXBuildFile; fileRef = 6F4D615D2C0E1CDC002D29A3 /* LaunchScreen.storyboard */; };
		6F4D616A2C0E1CDD002D29A3 /* ShaadiTests.swift in Sources */ = {isa = PBXBuildFile; fileRef = 6F4D61692C0E1CDD002D29A3 /* ShaadiTests.swift */; };
		6F4D61742C0E1CDD002D29A3 /* ShaadiUITests.swift in Sources */ = {isa = PBXBuildFile; fileRef = 6F4D61732C0E1CDD002D29A3 /* ShaadiUITests.swift */; };
		6F4D61762C0E1CDD002D29A3 /* ShaadiUITestsLaunchTests.swift in Sources */ = {isa = PBXBuildFile; fileRef = 6F4D61752C0E1CDD002D29A3 /* ShaadiUITestsLaunchTests.swift */; };
		6F4D61872C0E1EE3002D29A3 /* OnboardingModel.swift in Sources */ = {isa = PBXBuildFile; fileRef = 6F4D61862C0E1EE3002D29A3 /* OnboardingModel.swift */; };
		6F4D61892C0E479E002D29A3 /* OnboardingView.swift in Sources */ = {isa = PBXBuildFile; fileRef = 6F4D61882C0E479E002D29A3 /* OnboardingView.swift */; };
		6F4D618A2C0E479E002D29A3 /* OnboardingView.swift in Sources */ = {isa = PBXBuildFile; fileRef = 6F4D61882C0E479E002D29A3 /* OnboardingView.swift */; };
		6F4D618B2C0E479E002D29A3 /* OnboardingView.swift in Sources */ = {isa = PBXBuildFile; fileRef = 6F4D61882C0E479E002D29A3 /* OnboardingView.swift */; };
		6F4D618D2C0F31C7002D29A3 /* OnboardingViewModel.swift in Sources */ = {isa = PBXBuildFile; fileRef = 6F4D618C2C0F31C7002D29A3 /* OnboardingViewModel.swift */; };
		6F4D618E2C0F31C7002D29A3 /* OnboardingViewModel.swift in Sources */ = {isa = PBXBuildFile; fileRef = 6F4D618C2C0F31C7002D29A3 /* OnboardingViewModel.swift */; };
		6F4D618F2C0F31C7002D29A3 /* OnboardingViewModel.swift in Sources */ = {isa = PBXBuildFile; fileRef = 6F4D618C2C0F31C7002D29A3 /* OnboardingViewModel.swift */; };
		6F4D61912C0F401E002D29A3 /* OnboardingViewController.swift in Sources */ = {isa = PBXBuildFile; fileRef = 6F4D61902C0F401E002D29A3 /* OnboardingViewController.swift */; };
		6F4D61922C0F401E002D29A3 /* OnboardingViewController.swift in Sources */ = {isa = PBXBuildFile; fileRef = 6F4D61902C0F401E002D29A3 /* OnboardingViewController.swift */; };
		6F4D61932C0F401E002D29A3 /* OnboardingViewController.swift in Sources */ = {isa = PBXBuildFile; fileRef = 6F4D61902C0F401E002D29A3 /* OnboardingViewController.swift */; };
		6F4D61992C107E72002D29A3 /* UIExtension.swift in Sources */ = {isa = PBXBuildFile; fileRef = 6F4D61982C107E72002D29A3 /* UIExtension.swift */; };
		6F4D619D2C10E6AC002D29A3 /* RegisterView.swift in Sources */ = {isa = PBXBuildFile; fileRef = 6F4D619C2C10E6AC002D29A3 /* RegisterView.swift */; };
		6F4D619F2C11B0E7002D29A3 /* RegisterViewController.swift in Sources */ = {isa = PBXBuildFile; fileRef = 6F4D619E2C11B0E6002D29A3 /* RegisterViewController.swift */; };
		6F4D61A12C11C095002D29A3 /* PrivacyOptionCell.swift in Sources */ = {isa = PBXBuildFile; fileRef = 6F4D61A02C11C095002D29A3 /* PrivacyOptionCell.swift */; };
		6F4D61A32C11FC6B002D29A3 /* WrappingFlowLayout.swift in Sources */ = {isa = PBXBuildFile; fileRef = 6F4D61A22C11FC6B002D29A3 /* WrappingFlowLayout.swift */; };
		6F4D61A62C143761002D29A3 /* OTPView.swift in Sources */ = {isa = PBXBuildFile; fileRef = 6F4D61A52C143761002D29A3 /* OTPView.swift */; };
		6F4D61A82C143787002D29A3 /* OTPViewController.swift in Sources */ = {isa = PBXBuildFile; fileRef = 6F4D61A72C143787002D29A3 /* OTPViewController.swift */; };
		6F4D61AA2C1437A9002D29A3 /* OTPViewModel.swift in Sources */ = {isa = PBXBuildFile; fileRef = 6F4D61A92C1437A9002D29A3 /* OTPViewModel.swift */; };
		6F4D61AC2C144060002D29A3 /* OTPStackView.swift in Sources */ = {isa = PBXBuildFile; fileRef = 6F4D61AB2C144060002D29A3 /* OTPStackView.swift */; };
		6F4D61AE2C1440B0002D29A3 /* OTPTextField.swift in Sources */ = {isa = PBXBuildFile; fileRef = 6F4D61AD2C1440B0002D29A3 /* OTPTextField.swift */; };
		6F4D61B72C18582A002D29A3 /* FirstLoginScreenViewController.swift in Sources */ = {isa = PBXBuildFile; fileRef = 6F4D61B62C18582A002D29A3 /* FirstLoginScreenViewController.swift */; };
		6F4D61B92C185876002D29A3 /* FirstLoginScreenView.swift in Sources */ = {isa = PBXBuildFile; fileRef = 6F4D61B82C185876002D29A3 /* FirstLoginScreenView.swift */; };
		6F4D61BB2C1961DE002D29A3 /* RegisterViewModel.swift in Sources */ = {isa = PBXBuildFile; fileRef = 6F4D61BA2C1961DE002D29A3 /* RegisterViewModel.swift */; };
		6F82D1FA2C19EA90009A8EF8 /* FirstLoginScreenViewModel.swift in Sources */ = {isa = PBXBuildFile; fileRef = 6F82D1F92C19EA90009A8EF8 /* FirstLoginScreenViewModel.swift */; };
/* End PBXBuildFile section */

/* Begin PBXContainerItemProxy section */
		6F4D61662C0E1CDD002D29A3 /* PBXContainerItemProxy */ = {
			isa = PBXContainerItemProxy;
			containerPortal = 6F4D61472C0E1CDA002D29A3 /* Project object */;
			proxyType = 1;
			remoteGlobalIDString = 6F4D614E2C0E1CDA002D29A3;
			remoteInfo = Shaadi;
		};
		6F4D61702C0E1CDD002D29A3 /* PBXContainerItemProxy */ = {
			isa = PBXContainerItemProxy;
			containerPortal = 6F4D61472C0E1CDA002D29A3 /* Project object */;
			proxyType = 1;
			remoteGlobalIDString = 6F4D614E2C0E1CDA002D29A3;
			remoteInfo = Shaadi;
		};
/* End PBXContainerItemProxy section */

/* Begin PBXFileReference section */
		6F4D614F2C0E1CDA002D29A3 /* Shaadi.app */ = {isa = PBXFileReference; explicitFileType = wrapper.application; includeInIndex = 0; path = Shaadi.app; sourceTree = BUILT_PRODUCTS_DIR; };
		6F4D61522C0E1CDA002D29A3 /* AppDelegate.swift */ = {isa = PBXFileReference; lastKnownFileType = sourcecode.swift; path = AppDelegate.swift; sourceTree = "<group>"; };
		6F4D61542C0E1CDA002D29A3 /* SceneDelegate.swift */ = {isa = PBXFileReference; lastKnownFileType = sourcecode.swift; path = SceneDelegate.swift; sourceTree = "<group>"; };
		6F4D615B2C0E1CDC002D29A3 /* Assets.xcassets */ = {isa = PBXFileReference; lastKnownFileType = folder.assetcatalog; path = Assets.xcassets; sourceTree = "<group>"; };
		6F4D615E2C0E1CDC002D29A3 /* Base */ = {isa = PBXFileReference; lastKnownFileType = file.storyboard; name = Base; path = Base.lproj/LaunchScreen.storyboard; sourceTree = "<group>"; };
		6F4D61602C0E1CDC002D29A3 /* Info.plist */ = {isa = PBXFileReference; lastKnownFileType = text.plist.xml; path = Info.plist; sourceTree = "<group>"; };
		6F4D61652C0E1CDD002D29A3 /* ShaadiTests.xctest */ = {isa = PBXFileReference; explicitFileType = wrapper.cfbundle; includeInIndex = 0; path = ShaadiTests.xctest; sourceTree = BUILT_PRODUCTS_DIR; };
		6F4D61692C0E1CDD002D29A3 /* ShaadiTests.swift */ = {isa = PBXFileReference; lastKnownFileType = sourcecode.swift; path = ShaadiTests.swift; sourceTree = "<group>"; };
		6F4D616F2C0E1CDD002D29A3 /* ShaadiUITests.xctest */ = {isa = PBXFileReference; explicitFileType = wrapper.cfbundle; includeInIndex = 0; path = ShaadiUITests.xctest; sourceTree = BUILT_PRODUCTS_DIR; };
		6F4D61732C0E1CDD002D29A3 /* ShaadiUITests.swift */ = {isa = PBXFileReference; lastKnownFileType = sourcecode.swift; path = ShaadiUITests.swift; sourceTree = "<group>"; };
		6F4D61752C0E1CDD002D29A3 /* ShaadiUITestsLaunchTests.swift */ = {isa = PBXFileReference; lastKnownFileType = sourcecode.swift; path = ShaadiUITestsLaunchTests.swift; sourceTree = "<group>"; };
		6F4D61862C0E1EE3002D29A3 /* OnboardingModel.swift */ = {isa = PBXFileReference; lastKnownFileType = sourcecode.swift; path = OnboardingModel.swift; sourceTree = "<group>"; };
		6F4D61882C0E479E002D29A3 /* OnboardingView.swift */ = {isa = PBXFileReference; lastKnownFileType = sourcecode.swift; path = OnboardingView.swift; sourceTree = "<group>"; };
		6F4D618C2C0F31C7002D29A3 /* OnboardingViewModel.swift */ = {isa = PBXFileReference; lastKnownFileType = sourcecode.swift; path = OnboardingViewModel.swift; sourceTree = "<group>"; };
		6F4D61902C0F401E002D29A3 /* OnboardingViewController.swift */ = {isa = PBXFileReference; lastKnownFileType = sourcecode.swift; path = OnboardingViewController.swift; sourceTree = "<group>"; };
		6F4D61982C107E72002D29A3 /* UIExtension.swift */ = {isa = PBXFileReference; lastKnownFileType = sourcecode.swift; path = UIExtension.swift; sourceTree = "<group>"; };
		6F4D619C2C10E6AC002D29A3 /* RegisterView.swift */ = {isa = PBXFileReference; lastKnownFileType = sourcecode.swift; path = RegisterView.swift; sourceTree = "<group>"; };
		6F4D619E2C11B0E6002D29A3 /* RegisterViewController.swift */ = {isa = PBXFileReference; lastKnownFileType = sourcecode.swift; path = RegisterViewController.swift; sourceTree = "<group>"; };
		6F4D61A02C11C095002D29A3 /* PrivacyOptionCell.swift */ = {isa = PBXFileReference; lastKnownFileType = sourcecode.swift; path = PrivacyOptionCell.swift; sourceTree = "<group>"; };
		6F4D61A22C11FC6B002D29A3 /* WrappingFlowLayout.swift */ = {isa = PBXFileReference; lastKnownFileType = sourcecode.swift; path = WrappingFlowLayout.swift; sourceTree = "<group>"; };
		6F4D61A52C143761002D29A3 /* OTPView.swift */ = {isa = PBXFileReference; lastKnownFileType = sourcecode.swift; path = OTPView.swift; sourceTree = "<group>"; };
		6F4D61A72C143787002D29A3 /* OTPViewController.swift */ = {isa = PBXFileReference; lastKnownFileType = sourcecode.swift; path = OTPViewController.swift; sourceTree = "<group>"; };
		6F4D61A92C1437A9002D29A3 /* OTPViewModel.swift */ = {isa = PBXFileReference; lastKnownFileType = sourcecode.swift; path = OTPViewModel.swift; sourceTree = "<group>"; };
		6F4D61AB2C144060002D29A3 /* OTPStackView.swift */ = {isa = PBXFileReference; lastKnownFileType = sourcecode.swift; path = OTPStackView.swift; sourceTree = "<group>"; };
		6F4D61AD2C1440B0002D29A3 /* OTPTextField.swift */ = {isa = PBXFileReference; lastKnownFileType = sourcecode.swift; path = OTPTextField.swift; sourceTree = "<group>"; };
		6F4D61B62C18582A002D29A3 /* FirstLoginScreenViewController.swift */ = {isa = PBXFileReference; lastKnownFileType = sourcecode.swift; path = FirstLoginScreenViewController.swift; sourceTree = "<group>"; };
		6F4D61B82C185876002D29A3 /* FirstLoginScreenView.swift */ = {isa = PBXFileReference; lastKnownFileType = sourcecode.swift; path = FirstLoginScreenView.swift; sourceTree = "<group>"; };
		6F4D61BA2C1961DE002D29A3 /* RegisterViewModel.swift */ = {isa = PBXFileReference; lastKnownFileType = sourcecode.swift; path = RegisterViewModel.swift; sourceTree = "<group>"; };
		6F82D1F92C19EA90009A8EF8 /* FirstLoginScreenViewModel.swift */ = {isa = PBXFileReference; lastKnownFileType = sourcecode.swift; path = FirstLoginScreenViewModel.swift; sourceTree = "<group>"; };
/* End PBXFileReference section */

/* Begin PBXFrameworksBuildPhase section */
		6F4D614C2C0E1CDA002D29A3 /* Frameworks */ = {
			isa = PBXFrameworksBuildPhase;
			buildActionMask = 2147483647;
			files = (
			);
			runOnlyForDeploymentPostprocessing = 0;
		};
		6F4D61622C0E1CDD002D29A3 /* Frameworks */ = {
			isa = PBXFrameworksBuildPhase;
			buildActionMask = 2147483647;
			files = (
			);
			runOnlyForDeploymentPostprocessing = 0;
		};
		6F4D616C2C0E1CDD002D29A3 /* Frameworks */ = {
			isa = PBXFrameworksBuildPhase;
			buildActionMask = 2147483647;
			files = (
			);
			runOnlyForDeploymentPostprocessing = 0;
		};
/* End PBXFrameworksBuildPhase section */

/* Begin PBXGroup section */
		6F4D61462C0E1CDA002D29A3 = {
			isa = PBXGroup;
			children = (
				6F4D61512C0E1CDA002D29A3 /* Shaadi */,
				6F4D61682C0E1CDD002D29A3 /* ShaadiTests */,
				6F4D61722C0E1CDD002D29A3 /* ShaadiUITests */,
				6F4D61502C0E1CDA002D29A3 /* Products */,
			);
			sourceTree = "<group>";
		};
		6F4D61502C0E1CDA002D29A3 /* Products */ = {
			isa = PBXGroup;
			children = (
				6F4D614F2C0E1CDA002D29A3 /* Shaadi.app */,
				6F4D61652C0E1CDD002D29A3 /* ShaadiTests.xctest */,
				6F4D616F2C0E1CDD002D29A3 /* ShaadiUITests.xctest */,
			);
			name = Products;
			sourceTree = "<group>";
		};
		6F4D61512C0E1CDA002D29A3 /* Shaadi */ = {
			isa = PBXGroup;
			children = (
				6F4D61972C107D82002D29A3 /* UICommon */,
				6F4D61832C0E1D9B002D29A3 /* Application */,
				6F4D61822C0E1D37002D29A3 /* Screens */,
				6F4D615B2C0E1CDC002D29A3 /* Assets.xcassets */,
				6F4D615D2C0E1CDC002D29A3 /* LaunchScreen.storyboard */,
				6F4D61602C0E1CDC002D29A3 /* Info.plist */,
			);
			path = Shaadi;
			sourceTree = "<group>";
		};
		6F4D61682C0E1CDD002D29A3 /* ShaadiTests */ = {
			isa = PBXGroup;
			children = (
				6F4D61692C0E1CDD002D29A3 /* ShaadiTests.swift */,
			);
			path = ShaadiTests;
			sourceTree = "<group>";
		};
		6F4D61722C0E1CDD002D29A3 /* ShaadiUITests */ = {
			isa = PBXGroup;
			children = (
				6F4D61732C0E1CDD002D29A3 /* ShaadiUITests.swift */,
				6F4D61752C0E1CDD002D29A3 /* ShaadiUITestsLaunchTests.swift */,
			);
			path = ShaadiUITests;
			sourceTree = "<group>";
		};
		6F4D61822C0E1D37002D29A3 /* Screens */ = {
			isa = PBXGroup;
			children = (
				6F4D61842C0E1DC5002D29A3 /* Onboarding */,
				6F4D619B2C10E65B002D29A3 /* Register */,
				6F4D61A42C143728002D29A3 /* OTP */,
				6F4D61B52C1856FE002D29A3 /* Login */,
			);
			path = Screens;
			sourceTree = "<group>";
		};
		6F4D61832C0E1D9B002D29A3 /* Application */ = {
			isa = PBXGroup;
			children = (
				6F4D61522C0E1CDA002D29A3 /* AppDelegate.swift */,
				6F4D61542C0E1CDA002D29A3 /* SceneDelegate.swift */,
			);
			path = Application;
			sourceTree = "<group>";
		};
		6F4D61842C0E1DC5002D29A3 /* Onboarding */ = {
			isa = PBXGroup;
			children = (
				6F4D61862C0E1EE3002D29A3 /* OnboardingModel.swift */,
				6F4D61882C0E479E002D29A3 /* OnboardingView.swift */,
				6F4D618C2C0F31C7002D29A3 /* OnboardingViewModel.swift */,
				6F4D61902C0F401E002D29A3 /* OnboardingViewController.swift */,
			);
			path = Onboarding;
			sourceTree = "<group>";
		};
		6F4D61972C107D82002D29A3 /* UICommon */ = {
			isa = PBXGroup;
			children = (
				6F4D61982C107E72002D29A3 /* UIExtension.swift */,
			);
			path = UICommon;
			sourceTree = "<group>";
		};
		6F4D619B2C10E65B002D29A3 /* Register */ = {
			isa = PBXGroup;
			children = (
				6F4D619C2C10E6AC002D29A3 /* RegisterView.swift */,
				6F4D61A22C11FC6B002D29A3 /* WrappingFlowLayout.swift */,
				6F4D619E2C11B0E6002D29A3 /* RegisterViewController.swift */,
				6F4D61A02C11C095002D29A3 /* PrivacyOptionCell.swift */,
				6F4D61BA2C1961DE002D29A3 /* RegisterViewModel.swift */,
			);
			path = Register;
			sourceTree = "<group>";
		};
		6F4D61A42C143728002D29A3 /* OTP */ = {
			isa = PBXGroup;
			children = (
				6F4D61A52C143761002D29A3 /* OTPView.swift */,
				6F4D61AB2C144060002D29A3 /* OTPStackView.swift */,
				6F4D61AD2C1440B0002D29A3 /* OTPTextField.swift */,
				6F4D61A72C143787002D29A3 /* OTPViewController.swift */,
				6F4D61A92C1437A9002D29A3 /* OTPViewModel.swift */,
			);
			path = OTP;
			sourceTree = "<group>";
		};
		6F4D61B52C1856FE002D29A3 /* Login */ = {
			isa = PBXGroup;
			children = (
				6F4D61B82C185876002D29A3 /* FirstLoginScreenView.swift */,
				6F4D61B62C18582A002D29A3 /* FirstLoginScreenViewController.swift */,
				6F82D1F92C19EA90009A8EF8 /* FirstLoginScreenViewModel.swift */,
			);
			path = Login;
			sourceTree = "<group>";
		};
/* End PBXGroup section */

/* Begin PBXNativeTarget section */
		6F4D614E2C0E1CDA002D29A3 /* Shaadi */ = {
			isa = PBXNativeTarget;
			buildConfigurationList = 6F4D61792C0E1CDD002D29A3 /* Build configuration list for PBXNativeTarget "Shaadi" */;
			buildPhases = (
				6F4D614B2C0E1CDA002D29A3 /* Sources */,
				6F4D614C2C0E1CDA002D29A3 /* Frameworks */,
				6F4D614D2C0E1CDA002D29A3 /* Resources */,
			);
			buildRules = (
			);
			dependencies = (
			);
			name = Shaadi;
			productName = Shaadi;
			productReference = 6F4D614F2C0E1CDA002D29A3 /* Shaadi.app */;
			productType = "com.apple.product-type.application";
		};
		6F4D61642C0E1CDD002D29A3 /* ShaadiTests */ = {
			isa = PBXNativeTarget;
			buildConfigurationList = 6F4D617C2C0E1CDD002D29A3 /* Build configuration list for PBXNativeTarget "ShaadiTests" */;
			buildPhases = (
				6F4D61612C0E1CDD002D29A3 /* Sources */,
				6F4D61622C0E1CDD002D29A3 /* Frameworks */,
				6F4D61632C0E1CDD002D29A3 /* Resources */,
			);
			buildRules = (
			);
			dependencies = (
				6F4D61672C0E1CDD002D29A3 /* PBXTargetDependency */,
			);
			name = ShaadiTests;
			productName = ShaadiTests;
			productReference = 6F4D61652C0E1CDD002D29A3 /* ShaadiTests.xctest */;
			productType = "com.apple.product-type.bundle.unit-test";
		};
		6F4D616E2C0E1CDD002D29A3 /* ShaadiUITests */ = {
			isa = PBXNativeTarget;
			buildConfigurationList = 6F4D617F2C0E1CDD002D29A3 /* Build configuration list for PBXNativeTarget "ShaadiUITests" */;
			buildPhases = (
				6F4D616B2C0E1CDD002D29A3 /* Sources */,
				6F4D616C2C0E1CDD002D29A3 /* Frameworks */,
				6F4D616D2C0E1CDD002D29A3 /* Resources */,
			);
			buildRules = (
			);
			dependencies = (
				6F4D61712C0E1CDD002D29A3 /* PBXTargetDependency */,
			);
			name = ShaadiUITests;
			productName = ShaadiUITests;
			productReference = 6F4D616F2C0E1CDD002D29A3 /* ShaadiUITests.xctest */;
			productType = "com.apple.product-type.bundle.ui-testing";
		};
/* End PBXNativeTarget section */

/* Begin PBXProject section */
		6F4D61472C0E1CDA002D29A3 /* Project object */ = {
			isa = PBXProject;
			attributes = {
				BuildIndependentTargetsInParallel = 1;
				LastSwiftUpdateCheck = 1500;
				LastUpgradeCheck = 1500;
				TargetAttributes = {
					6F4D614E2C0E1CDA002D29A3 = {
						CreatedOnToolsVersion = 15.0;
					};
					6F4D61642C0E1CDD002D29A3 = {
						CreatedOnToolsVersion = 15.0;
						TestTargetID = 6F4D614E2C0E1CDA002D29A3;
					};
					6F4D616E2C0E1CDD002D29A3 = {
						CreatedOnToolsVersion = 15.0;
						TestTargetID = 6F4D614E2C0E1CDA002D29A3;
					};
				};
			};
			buildConfigurationList = 6F4D614A2C0E1CDA002D29A3 /* Build configuration list for PBXProject "Shaadi" */;
			compatibilityVersion = "Xcode 14.0";
			developmentRegion = en;
			hasScannedForEncodings = 0;
			knownRegions = (
				en,
				Base,
			);
			mainGroup = 6F4D61462C0E1CDA002D29A3;
			productRefGroup = 6F4D61502C0E1CDA002D29A3 /* Products */;
			projectDirPath = "";
			projectRoot = "";
			targets = (
				6F4D614E2C0E1CDA002D29A3 /* Shaadi */,
				6F4D61642C0E1CDD002D29A3 /* ShaadiTests */,
				6F4D616E2C0E1CDD002D29A3 /* ShaadiUITests */,
			);
		};
/* End PBXProject section */

/* Begin PBXResourcesBuildPhase section */
		6F4D614D2C0E1CDA002D29A3 /* Resources */ = {
			isa = PBXResourcesBuildPhase;
			buildActionMask = 2147483647;
			files = (
				6F4D615F2C0E1CDC002D29A3 /* LaunchScreen.storyboard in Resources */,
				6F4D615C2C0E1CDC002D29A3 /* Assets.xcassets in Resources */,
			);
			runOnlyForDeploymentPostprocessing = 0;
		};
		6F4D61632C0E1CDD002D29A3 /* Resources */ = {
			isa = PBXResourcesBuildPhase;
			buildActionMask = 2147483647;
			files = (
			);
			runOnlyForDeploymentPostprocessing = 0;
		};
		6F4D616D2C0E1CDD002D29A3 /* Resources */ = {
			isa = PBXResourcesBuildPhase;
			buildActionMask = 2147483647;
			files = (
			);
			runOnlyForDeploymentPostprocessing = 0;
		};
/* End PBXResourcesBuildPhase section */

/* Begin PBXSourcesBuildPhase section */
		6F4D614B2C0E1CDA002D29A3 /* Sources */ = {
			isa = PBXSourcesBuildPhase;
			buildActionMask = 2147483647;
			files = (
				6F4D619F2C11B0E7002D29A3 /* RegisterViewController.swift in Sources */,
				6F4D61B92C185876002D29A3 /* FirstLoginScreenView.swift in Sources */,
				6F4D61B72C18582A002D29A3 /* FirstLoginScreenViewController.swift in Sources */,
				6F4D61872C0E1EE3002D29A3 /* OnboardingModel.swift in Sources */,
				6F4D61A82C143787002D29A3 /* OTPViewController.swift in Sources */,
				6F4D61A62C143761002D29A3 /* OTPView.swift in Sources */,
				6F4D618D2C0F31C7002D29A3 /* OnboardingViewModel.swift in Sources */,
				6F4D61532C0E1CDA002D29A3 /* AppDelegate.swift in Sources */,
				6F4D61BB2C1961DE002D29A3 /* RegisterViewModel.swift in Sources */,
				6F4D61AA2C1437A9002D29A3 /* OTPViewModel.swift in Sources */,
				6F4D61992C107E72002D29A3 /* UIExtension.swift in Sources */,
				6F4D619D2C10E6AC002D29A3 /* RegisterView.swift in Sources */,
				6F4D61AE2C1440B0002D29A3 /* OTPTextField.swift in Sources */,
				6F4D61A12C11C095002D29A3 /* PrivacyOptionCell.swift in Sources */,
				6F4D61912C0F401E002D29A3 /* OnboardingViewController.swift in Sources */,
				6F4D61892C0E479E002D29A3 /* OnboardingView.swift in Sources */,
				6F4D61AC2C144060002D29A3 /* OTPStackView.swift in Sources */,
				6F4D61552C0E1CDA002D29A3 /* SceneDelegate.swift in Sources */,
				6F4D61A32C11FC6B002D29A3 /* WrappingFlowLayout.swift in Sources */,
				6F82D1FA2C19EA90009A8EF8 /* FirstLoginScreenViewModel.swift in Sources */,
			);
			runOnlyForDeploymentPostprocessing = 0;
		};
		6F4D61612C0E1CDD002D29A3 /* Sources */ = {
			isa = PBXSourcesBuildPhase;
			buildActionMask = 2147483647;
			files = (
				6F4D616A2C0E1CDD002D29A3 /* ShaadiTests.swift in Sources */,
				6F4D618E2C0F31C7002D29A3 /* OnboardingViewModel.swift in Sources */,
				6F4D618A2C0E479E002D29A3 /* OnboardingView.swift in Sources */,
				6F4D61922C0F401E002D29A3 /* OnboardingViewController.swift in Sources */,
			);
			runOnlyForDeploymentPostprocessing = 0;
		};
		6F4D616B2C0E1CDD002D29A3 /* Sources */ = {
			isa = PBXSourcesBuildPhase;
			buildActionMask = 2147483647;
			files = (
				6F4D618B2C0E479E002D29A3 /* OnboardingView.swift in Sources */,
				6F4D61762C0E1CDD002D29A3 /* ShaadiUITestsLaunchTests.swift in Sources */,
				6F4D61932C0F401E002D29A3 /* OnboardingViewController.swift in Sources */,
				6F4D61742C0E1CDD002D29A3 /* ShaadiUITests.swift in Sources */,
				6F4D618F2C0F31C7002D29A3 /* OnboardingViewModel.swift in Sources */,
			);
			runOnlyForDeploymentPostprocessing = 0;
		};
/* End PBXSourcesBuildPhase section */

/* Begin PBXTargetDependency section */
		6F4D61672C0E1CDD002D29A3 /* PBXTargetDependency */ = {
			isa = PBXTargetDependency;
			target = 6F4D614E2C0E1CDA002D29A3 /* Shaadi */;
			targetProxy = 6F4D61662C0E1CDD002D29A3 /* PBXContainerItemProxy */;
		};
		6F4D61712C0E1CDD002D29A3 /* PBXTargetDependency */ = {
			isa = PBXTargetDependency;
			target = 6F4D614E2C0E1CDA002D29A3 /* Shaadi */;
			targetProxy = 6F4D61702C0E1CDD002D29A3 /* PBXContainerItemProxy */;
		};
/* End PBXTargetDependency section */

/* Begin PBXVariantGroup section */
		6F4D615D2C0E1CDC002D29A3 /* LaunchScreen.storyboard */ = {
			isa = PBXVariantGroup;
			children = (
				6F4D615E2C0E1CDC002D29A3 /* Base */,
			);
			name = LaunchScreen.storyboard;
			sourceTree = "<group>";
		};
/* End PBXVariantGroup section */

/* Begin XCBuildConfiguration section */
		6F4D61772C0E1CDD002D29A3 /* Debug */ = {
			isa = XCBuildConfiguration;
			buildSettings = {
				ALWAYS_SEARCH_USER_PATHS = NO;
				ASSETCATALOG_COMPILER_GENERATE_SWIFT_ASSET_SYMBOL_EXTENSIONS = YES;
				CLANG_ANALYZER_NONNULL = YES;
				CLANG_ANALYZER_NUMBER_OBJECT_CONVERSION = YES_AGGRESSIVE;
				CLANG_CXX_LANGUAGE_STANDARD = "gnu++20";
				CLANG_ENABLE_MODULES = YES;
				CLANG_ENABLE_OBJC_ARC = YES;
				CLANG_ENABLE_OBJC_WEAK = YES;
				CLANG_WARN_BLOCK_CAPTURE_AUTORELEASING = YES;
				CLANG_WARN_BOOL_CONVERSION = YES;
				CLANG_WARN_COMMA = YES;
				CLANG_WARN_CONSTANT_CONVERSION = YES;
				CLANG_WARN_DEPRECATED_OBJC_IMPLEMENTATIONS = YES;
				CLANG_WARN_DIRECT_OBJC_ISA_USAGE = YES_ERROR;
				CLANG_WARN_DOCUMENTATION_COMMENTS = YES;
				CLANG_WARN_EMPTY_BODY = YES;
				CLANG_WARN_ENUM_CONVERSION = YES;
				CLANG_WARN_INFINITE_RECURSION = YES;
				CLANG_WARN_INT_CONVERSION = YES;
				CLANG_WARN_NON_LITERAL_NULL_CONVERSION = YES;
				CLANG_WARN_OBJC_IMPLICIT_RETAIN_SELF = YES;
				CLANG_WARN_OBJC_LITERAL_CONVERSION = YES;
				CLANG_WARN_OBJC_ROOT_CLASS = YES_ERROR;
				CLANG_WARN_QUOTED_INCLUDE_IN_FRAMEWORK_HEADER = YES;
				CLANG_WARN_RANGE_LOOP_ANALYSIS = YES;
				CLANG_WARN_STRICT_PROTOTYPES = YES;
				CLANG_WARN_SUSPICIOUS_MOVE = YES;
				CLANG_WARN_UNGUARDED_AVAILABILITY = YES_AGGRESSIVE;
				CLANG_WARN_UNREACHABLE_CODE = YES;
				CLANG_WARN__DUPLICATE_METHOD_MATCH = YES;
				COPY_PHASE_STRIP = NO;
				DEBUG_INFORMATION_FORMAT = dwarf;
				ENABLE_STRICT_OBJC_MSGSEND = YES;
				ENABLE_TESTABILITY = YES;
				ENABLE_USER_SCRIPT_SANDBOXING = YES;
				GCC_C_LANGUAGE_STANDARD = gnu17;
				GCC_DYNAMIC_NO_PIC = NO;
				GCC_NO_COMMON_BLOCKS = YES;
				GCC_OPTIMIZATION_LEVEL = 0;
				GCC_PREPROCESSOR_DEFINITIONS = (
					"DEBUG=1",
					"$(inherited)",
				);
				GCC_WARN_64_TO_32_BIT_CONVERSION = YES;
				GCC_WARN_ABOUT_RETURN_TYPE = YES_ERROR;
				GCC_WARN_UNDECLARED_SELECTOR = YES;
				GCC_WARN_UNINITIALIZED_AUTOS = YES_AGGRESSIVE;
				GCC_WARN_UNUSED_FUNCTION = YES;
				GCC_WARN_UNUSED_VARIABLE = YES;
				IPHONEOS_DEPLOYMENT_TARGET = 17.0;
				LOCALIZATION_PREFERS_STRING_CATALOGS = YES;
				MTL_ENABLE_DEBUG_INFO = INCLUDE_SOURCE;
				MTL_FAST_MATH = YES;
				ONLY_ACTIVE_ARCH = YES;
				SDKROOT = iphoneos;
				SWIFT_ACTIVE_COMPILATION_CONDITIONS = "DEBUG $(inherited)";
				SWIFT_OPTIMIZATION_LEVEL = "-Onone";
			};
			name = Debug;
		};
		6F4D61782C0E1CDD002D29A3 /* Release */ = {
			isa = XCBuildConfiguration;
			buildSettings = {
				ALWAYS_SEARCH_USER_PATHS = NO;
				ASSETCATALOG_COMPILER_GENERATE_SWIFT_ASSET_SYMBOL_EXTENSIONS = YES;
				CLANG_ANALYZER_NONNULL = YES;
				CLANG_ANALYZER_NUMBER_OBJECT_CONVERSION = YES_AGGRESSIVE;
				CLANG_CXX_LANGUAGE_STANDARD = "gnu++20";
				CLANG_ENABLE_MODULES = YES;
				CLANG_ENABLE_OBJC_ARC = YES;
				CLANG_ENABLE_OBJC_WEAK = YES;
				CLANG_WARN_BLOCK_CAPTURE_AUTORELEASING = YES;
				CLANG_WARN_BOOL_CONVERSION = YES;
				CLANG_WARN_COMMA = YES;
				CLANG_WARN_CONSTANT_CONVERSION = YES;
				CLANG_WARN_DEPRECATED_OBJC_IMPLEMENTATIONS = YES;
				CLANG_WARN_DIRECT_OBJC_ISA_USAGE = YES_ERROR;
				CLANG_WARN_DOCUMENTATION_COMMENTS = YES;
				CLANG_WARN_EMPTY_BODY = YES;
				CLANG_WARN_ENUM_CONVERSION = YES;
				CLANG_WARN_INFINITE_RECURSION = YES;
				CLANG_WARN_INT_CONVERSION = YES;
				CLANG_WARN_NON_LITERAL_NULL_CONVERSION = YES;
				CLANG_WARN_OBJC_IMPLICIT_RETAIN_SELF = YES;
				CLANG_WARN_OBJC_LITERAL_CONVERSION = YES;
				CLANG_WARN_OBJC_ROOT_CLASS = YES_ERROR;
				CLANG_WARN_QUOTED_INCLUDE_IN_FRAMEWORK_HEADER = YES;
				CLANG_WARN_RANGE_LOOP_ANALYSIS = YES;
				CLANG_WARN_STRICT_PROTOTYPES = YES;
				CLANG_WARN_SUSPICIOUS_MOVE = YES;
				CLANG_WARN_UNGUARDED_AVAILABILITY = YES_AGGRESSIVE;
				CLANG_WARN_UNREACHABLE_CODE = YES;
				CLANG_WARN__DUPLICATE_METHOD_MATCH = YES;
				COPY_PHASE_STRIP = NO;
				DEBUG_INFORMATION_FORMAT = "dwarf-with-dsym";
				ENABLE_NS_ASSERTIONS = NO;
				ENABLE_STRICT_OBJC_MSGSEND = YES;
				ENABLE_USER_SCRIPT_SANDBOXING = YES;
				GCC_C_LANGUAGE_STANDARD = gnu17;
				GCC_NO_COMMON_BLOCKS = YES;
				GCC_WARN_64_TO_32_BIT_CONVERSION = YES;
				GCC_WARN_ABOUT_RETURN_TYPE = YES_ERROR;
				GCC_WARN_UNDECLARED_SELECTOR = YES;
				GCC_WARN_UNINITIALIZED_AUTOS = YES_AGGRESSIVE;
				GCC_WARN_UNUSED_FUNCTION = YES;
				GCC_WARN_UNUSED_VARIABLE = YES;
				IPHONEOS_DEPLOYMENT_TARGET = 17.0;
				LOCALIZATION_PREFERS_STRING_CATALOGS = YES;
				MTL_ENABLE_DEBUG_INFO = NO;
				MTL_FAST_MATH = YES;
				SDKROOT = iphoneos;
				SWIFT_COMPILATION_MODE = wholemodule;
				VALIDATE_PRODUCT = YES;
			};
			name = Release;
		};
		6F4D617A2C0E1CDD002D29A3 /* Debug */ = {
			isa = XCBuildConfiguration;
			buildSettings = {
				ASSETCATALOG_COMPILER_APPICON_NAME = AppIcon;
				ASSETCATALOG_COMPILER_GLOBAL_ACCENT_COLOR_NAME = AccentColor;
				CODE_SIGN_STYLE = Automatic;
				CURRENT_PROJECT_VERSION = 1;
				DEVELOPMENT_TEAM = L765ZY934H;
				GENERATE_INFOPLIST_FILE = YES;
				INFOPLIST_FILE = Shaadi/Info.plist;
				INFOPLIST_KEY_UIApplicationSupportsIndirectInputEvents = YES;
				INFOPLIST_KEY_UILaunchStoryboardName = LaunchScreen;
				INFOPLIST_KEY_UISupportedInterfaceOrientations_iPad = "UIInterfaceOrientationPortrait UIInterfaceOrientationPortraitUpsideDown UIInterfaceOrientationLandscapeLeft UIInterfaceOrientationLandscapeRight";
				INFOPLIST_KEY_UISupportedInterfaceOrientations_iPhone = "UIInterfaceOrientationPortrait UIInterfaceOrientationLandscapeLeft UIInterfaceOrientationLandscapeRight";
				LD_RUNPATH_SEARCH_PATHS = (
					"$(inherited)",
					"@executable_path/Frameworks",
				);
				MARKETING_VERSION = 1.0;
				PRODUCT_BUNDLE_IDENTIFIER = rohit.Shaadi;
				PRODUCT_NAME = "$(TARGET_NAME)";
				SWIFT_EMIT_LOC_STRINGS = YES;
				SWIFT_VERSION = 5.0;
				TARGETED_DEVICE_FAMILY = "1,2";
			};
			name = Debug;
		};
		6F4D617B2C0E1CDD002D29A3 /* Release */ = {
			isa = XCBuildConfiguration;
			buildSettings = {
				ASSETCATALOG_COMPILER_APPICON_NAME = AppIcon;
				ASSETCATALOG_COMPILER_GLOBAL_ACCENT_COLOR_NAME = AccentColor;
				CODE_SIGN_STYLE = Automatic;
				CURRENT_PROJECT_VERSION = 1;
				DEVELOPMENT_TEAM = L765ZY934H;
				GENERATE_INFOPLIST_FILE = YES;
				INFOPLIST_FILE = Shaadi/Info.plist;
				INFOPLIST_KEY_UIApplicationSupportsIndirectInputEvents = YES;
				INFOPLIST_KEY_UILaunchStoryboardName = LaunchScreen;
				INFOPLIST_KEY_UISupportedInterfaceOrientations_iPad = "UIInterfaceOrientationPortrait UIInterfaceOrientationPortraitUpsideDown UIInterfaceOrientationLandscapeLeft UIInterfaceOrientationLandscapeRight";
				INFOPLIST_KEY_UISupportedInterfaceOrientations_iPhone = "UIInterfaceOrientationPortrait UIInterfaceOrientationLandscapeLeft UIInterfaceOrientationLandscapeRight";
				LD_RUNPATH_SEARCH_PATHS = (
					"$(inherited)",
					"@executable_path/Frameworks",
				);
				MARKETING_VERSION = 1.0;
				PRODUCT_BUNDLE_IDENTIFIER = rohit.Shaadi;
				PRODUCT_NAME = "$(TARGET_NAME)";
				SWIFT_EMIT_LOC_STRINGS = YES;
				SWIFT_VERSION = 5.0;
				TARGETED_DEVICE_FAMILY = "1,2";
			};
			name = Release;
		};
		6F4D617D2C0E1CDD002D29A3 /* Debug */ = {
			isa = XCBuildConfiguration;
			buildSettings = {
				ALWAYS_EMBED_SWIFT_STANDARD_LIBRARIES = YES;
				BUNDLE_LOADER = "$(TEST_HOST)";
				CODE_SIGN_STYLE = Automatic;
				CURRENT_PROJECT_VERSION = 1;
				DEVELOPMENT_TEAM = L765ZY934H;
				GENERATE_INFOPLIST_FILE = YES;
				IPHONEOS_DEPLOYMENT_TARGET = 17.0;
				MARKETING_VERSION = 1.0;
				PRODUCT_BUNDLE_IDENTIFIER = rohit.ShaadiTests;
				PRODUCT_NAME = "$(TARGET_NAME)";
				SWIFT_EMIT_LOC_STRINGS = NO;
				SWIFT_VERSION = 5.0;
				TARGETED_DEVICE_FAMILY = "1,2";
				TEST_HOST = "$(BUILT_PRODUCTS_DIR)/Shaadi.app/$(BUNDLE_EXECUTABLE_FOLDER_PATH)/Shaadi";
			};
			name = Debug;
		};
		6F4D617E2C0E1CDD002D29A3 /* Release */ = {
			isa = XCBuildConfiguration;
			buildSettings = {
				ALWAYS_EMBED_SWIFT_STANDARD_LIBRARIES = YES;
				BUNDLE_LOADER = "$(TEST_HOST)";
				CODE_SIGN_STYLE = Automatic;
				CURRENT_PROJECT_VERSION = 1;
				DEVELOPMENT_TEAM = L765ZY934H;
				GENERATE_INFOPLIST_FILE = YES;
				IPHONEOS_DEPLOYMENT_TARGET = 17.0;
				MARKETING_VERSION = 1.0;
				PRODUCT_BUNDLE_IDENTIFIER = rohit.ShaadiTests;
				PRODUCT_NAME = "$(TARGET_NAME)";
				SWIFT_EMIT_LOC_STRINGS = NO;
				SWIFT_VERSION = 5.0;
				TARGETED_DEVICE_FAMILY = "1,2";
				TEST_HOST = "$(BUILT_PRODUCTS_DIR)/Shaadi.app/$(BUNDLE_EXECUTABLE_FOLDER_PATH)/Shaadi";
			};
			name = Release;
		};
		6F4D61802C0E1CDD002D29A3 /* Debug */ = {
			isa = XCBuildConfiguration;
			buildSettings = {
				ALWAYS_EMBED_SWIFT_STANDARD_LIBRARIES = YES;
				CODE_SIGN_STYLE = Automatic;
				CURRENT_PROJECT_VERSION = 1;
				DEVELOPMENT_TEAM = L765ZY934H;
				GENERATE_INFOPLIST_FILE = YES;
				MARKETING_VERSION = 1.0;
				PRODUCT_BUNDLE_IDENTIFIER = rohit.ShaadiUITests;
				PRODUCT_NAME = "$(TARGET_NAME)";
				SWIFT_EMIT_LOC_STRINGS = NO;
				SWIFT_VERSION = 5.0;
				TARGETED_DEVICE_FAMILY = "1,2";
				TEST_TARGET_NAME = Shaadi;
			};
			name = Debug;
		};
		6F4D61812C0E1CDD002D29A3 /* Release */ = {
			isa = XCBuildConfiguration;
			buildSettings = {
				ALWAYS_EMBED_SWIFT_STANDARD_LIBRARIES = YES;
				CODE_SIGN_STYLE = Automatic;
				CURRENT_PROJECT_VERSION = 1;
				DEVELOPMENT_TEAM = L765ZY934H;
				GENERATE_INFOPLIST_FILE = YES;
				MARKETING_VERSION = 1.0;
				PRODUCT_BUNDLE_IDENTIFIER = rohit.ShaadiUITests;
				PRODUCT_NAME = "$(TARGET_NAME)";
				SWIFT_EMIT_LOC_STRINGS = NO;
				SWIFT_VERSION = 5.0;
				TARGETED_DEVICE_FAMILY = "1,2";
				TEST_TARGET_NAME = Shaadi;
			};
			name = Release;
		};
/* End XCBuildConfiguration section */

/* Begin XCConfigurationList section */
		6F4D614A2C0E1CDA002D29A3 /* Build configuration list for PBXProject "Shaadi" */ = {
			isa = XCConfigurationList;
			buildConfigurations = (
				6F4D61772C0E1CDD002D29A3 /* Debug */,
				6F4D61782C0E1CDD002D29A3 /* Release */,
			);
			defaultConfigurationIsVisible = 0;
			defaultConfigurationName = Release;
		};
		6F4D61792C0E1CDD002D29A3 /* Build configuration list for PBXNativeTarget "Shaadi" */ = {
			isa = XCConfigurationList;
			buildConfigurations = (
				6F4D617A2C0E1CDD002D29A3 /* Debug */,
				6F4D617B2C0E1CDD002D29A3 /* Release */,
			);
			defaultConfigurationIsVisible = 0;
			defaultConfigurationName = Release;
		};
		6F4D617C2C0E1CDD002D29A3 /* Build configuration list for PBXNativeTarget "ShaadiTests" */ = {
			isa = XCConfigurationList;
			buildConfigurations = (
				6F4D617D2C0E1CDD002D29A3 /* Debug */,
				6F4D617E2C0E1CDD002D29A3 /* Release */,
			);
			defaultConfigurationIsVisible = 0;
			defaultConfigurationName = Release;
		};
		6F4D617F2C0E1CDD002D29A3 /* Build configuration list for PBXNativeTarget "ShaadiUITests" */ = {
			isa = XCConfigurationList;
			buildConfigurations = (
				6F4D61802C0E1CDD002D29A3 /* Debug */,
				6F4D61812C0E1CDD002D29A3 /* Release */,
			);
			defaultConfigurationIsVisible = 0;
			defaultConfigurationName = Release;
		};
/* End XCConfigurationList section */
	};
	rootObject = 6F4D61472C0E1CDA002D29A3 /* Project object */;
}
